
Microsoft Visual Studio Solution File, Format Version 12.00
# Visual Studio Version 16
VisualStudioVersion = 16.0.31402.337
MinimumVisualStudioVersion = 10.0.40219.1
Project("{FAE04EC0-301F-11D3-BF4B-00C04F79EFBC}") = "LanBooks.Tests", "LanBooks.Tests\LanBooks.Tests.csproj", "{FA4892F2-BB18-4D91-BA55-69AFBAAEEFC2}"
EndProject
Project("{FAE04EC0-301F-11D3-BF4B-00C04F79EFBC}") = "LanBooks.SwaggerClient", "LanBooks.SwaggerClient\LanBooks.SwaggerClient.csproj", "{3DDA55ED-6B85-40EB-9732-9213FDA43C96}"
EndProject
Global
	GlobalSection(SolutionConfigurationPlatforms) = preSolution
		Debug|Any CPU = Debug|Any CPU
		Release|Any CPU = Release|Any CPU
	EndGlobalSection
	GlobalSection(ProjectConfigurationPlatforms) = postSolution
		{FA4892F2-BB18-4D91-BA55-69AFBAAEEFC2}.Debug|Any CPU.ActiveCfg = Debug|Any CPU
		{FA4892F2-BB18-4D91-BA55-69AFBAAEEFC2}.Debug|Any CPU.Build.0 = Debug|Any CPU
		{FA4892F2-BB18-4D91-BA55-69AFBAAEEFC2}.Release|Any CPU.ActiveCfg = Release|Any CPU
		{FA4892F2-BB18-4D91-BA55-69AFBAAEEFC2}.Release|Any CPU.Build.0 = Release|Any CPU
		{3DDA55ED-6B85-40EB-9732-9213FDA43C96}.Debug|Any CPU.ActiveCfg = Debug|Any CPU
		{3DDA55ED-6B85-40EB-9732-9213FDA43C96}.Debug|Any CPU.Build.0 = Debug|Any CPU
		{3DDA55ED-6B85-40EB-9732-9213FDA43C96}.Release|Any CPU.ActiveCfg = Release|Any CPU
		{3DDA55ED-6B85-40EB-9732-9213FDA43C96}.Release|Any CPU.Build.0 = Release|Any CPU
	EndGlobalSection
	GlobalSection(SolutionProperties) = preSolution
		HideSolutionNode = FALSE
	EndGlobalSection
	GlobalSection(ExtensibilityGlobals) = postSolution
		SolutionGuid = {1DA0D952-D124-4D7C-B6E4-04510129D837}
	EndGlobalSection
EndGlobal
